// !$*UTF8*$!
{
	archiveVersion = 1;
	classes = {
	};
	objectVersion = 46;
	objects = {

/* Begin PBXBuildFile section */
		001173261CFC7D3100AA7B71 /* main.m in Sources */ = {isa = PBXBuildFile; fileRef = 001173251CFC7D3100AA7B71 /* main.m */; };
		001173291CFC7D3100AA7B71 /* AppDelegate.m in Sources */ = {isa = PBXBuildFile; fileRef = 001173281CFC7D3100AA7B71 /* AppDelegate.m */; };
		0011732C1CFC7D3100AA7B71 /* ViewController.m in Sources */ = {isa = PBXBuildFile; fileRef = 0011732B1CFC7D3100AA7B71 /* ViewController.m */; };
		0011732F1CFC7D3100AA7B71 /* Main.storyboard in Resources */ = {isa = PBXBuildFile; fileRef = 0011732D1CFC7D3100AA7B71 /* Main.storyboard */; };
		001173321CFC7D3100AA7B71 /* EventBriteSearch.xcdatamodeld in Sources */ = {isa = PBXBuildFile; fileRef = 001173301CFC7D3100AA7B71 /* EventBriteSearch.xcdatamodeld */; };
		001173341CFC7D3100AA7B71 /* Assets.xcassets in Resources */ = {isa = PBXBuildFile; fileRef = 001173331CFC7D3100AA7B71 /* Assets.xcassets */; };
		001173371CFC7D3100AA7B71 /* LaunchScreen.storyboard in Resources */ = {isa = PBXBuildFile; fileRef = 001173351CFC7D3100AA7B71 /* LaunchScreen.storyboard */; };
		001173421CFC7D3100AA7B71 /* EventBriteSearchTests.m in Sources */ = {isa = PBXBuildFile; fileRef = 001173411CFC7D3100AA7B71 /* EventBriteSearchTests.m */; };
		0011734D1CFC7D3100AA7B71 /* EventBriteSearchUITests.m in Sources */ = {isa = PBXBuildFile; fileRef = 0011734C1CFC7D3100AA7B71 /* EventBriteSearchUITests.m */; };
		009E1C4A1CFF17460028E817 /* Event+CoreDataProperties.m in Sources */ = {isa = PBXBuildFile; fileRef = 009E1C471CFF17460028E817 /* Event+CoreDataProperties.m */; };
		009E1C4B1CFF17460028E817 /* Event.m in Sources */ = {isa = PBXBuildFile; fileRef = 009E1C491CFF17460028E817 /* Event.m */; };
		009E1C4E1CFF17D10028E817 /* DataFetcher.m in Sources */ = {isa = PBXBuildFile; fileRef = 009E1C4D1CFF17D10028E817 /* DataFetcher.m */; };
		009E1C521CFF43A90028E817 /* DataHandler.m in Sources */ = {isa = PBXBuildFile; fileRef = 009E1C511CFF43A90028E817 /* DataHandler.m */; };
		EA8EDC1A8122AF76864355BA /* libPods-EventBriteSearch.a in Frameworks */ = {isa = PBXBuildFile; fileRef = 7E2CBA30A4A88744DDEF7462 /* libPods-EventBriteSearch.a */; };
/* End PBXBuildFile section */

/* Begin PBXContainerItemProxy section */
		0011733E1CFC7D3100AA7B71 /* PBXContainerItemProxy */ = {
			isa = PBXContainerItemProxy;
			containerPortal = 001173191CFC7D2F00AA7B71 /* Project object */;
			proxyType = 1;
			remoteGlobalIDString = 001173201CFC7D2F00AA7B71;
			remoteInfo = EventBriteSearch;
		};
		001173491CFC7D3100AA7B71 /* PBXContainerItemProxy */ = {
			isa = PBXContainerItemProxy;
			containerPortal = 001173191CFC7D2F00AA7B71 /* Project object */;
			proxyType = 1;
			remoteGlobalIDString = 001173201CFC7D2F00AA7B71;
			remoteInfo = EventBriteSearch;
		};
/* End PBXContainerItemProxy section */

/* Begin PBXFileReference section */
		001173211CFC7D3000AA7B71 /* EventBriteSearch.app */ = {isa = PBXFileReference; explicitFileType = wrapper.application; includeInIndex = 0; path = EventBriteSearch.app; sourceTree = BUILT_PRODUCTS_DIR; };
		001173251CFC7D3100AA7B71 /* main.m */ = {isa = PBXFileReference; lastKnownFileType = sourcecode.c.objc; path = main.m; sourceTree = "<group>"; };
		001173271CFC7D3100AA7B71 /* AppDelegate.h */ = {isa = PBXFileReference; lastKnownFileType = sourcecode.c.h; path = AppDelegate.h; sourceTree = "<group>"; };
		001173281CFC7D3100AA7B71 /* AppDelegate.m */ = {isa = PBXFileReference; lastKnownFileType = sourcecode.c.objc; path = AppDelegate.m; sourceTree = "<group>"; };
		0011732A1CFC7D3100AA7B71 /* ViewController.h */ = {isa = PBXFileReference; lastKnownFileType = sourcecode.c.h; path = ViewController.h; sourceTree = "<group>"; };
		0011732B1CFC7D3100AA7B71 /* ViewController.m */ = {isa = PBXFileReference; lastKnownFileType = sourcecode.c.objc; path = ViewController.m; sourceTree = "<group>"; };
		0011732E1CFC7D3100AA7B71 /* Base */ = {isa = PBXFileReference; lastKnownFileType = file.storyboard; name = Base; path = Base.lproj/Main.storyboard; sourceTree = "<group>"; };
		001173311CFC7D3100AA7B71 /* EventBriteSearch.xcdatamodel */ = {isa = PBXFileReference; lastKnownFileType = wrapper.xcdatamodel; path = EventBriteSearch.xcdatamodel; sourceTree = "<group>"; };
		001173331CFC7D3100AA7B71 /* Assets.xcassets */ = {isa = PBXFileReference; lastKnownFileType = folder.assetcatalog; path = Assets.xcassets; sourceTree = "<group>"; };
		001173361CFC7D3100AA7B71 /* Base */ = {isa = PBXFileReference; lastKnownFileType = file.storyboard; name = Base; path = Base.lproj/LaunchScreen.storyboard; sourceTree = "<group>"; };
		001173381CFC7D3100AA7B71 /* Info.plist */ = {isa = PBXFileReference; lastKnownFileType = text.plist.xml; path = Info.plist; sourceTree = "<group>"; };
		0011733D1CFC7D3100AA7B71 /* EventBriteSearchTests.xctest */ = {isa = PBXFileReference; explicitFileType = wrapper.cfbundle; includeInIndex = 0; path = EventBriteSearchTests.xctest; sourceTree = BUILT_PRODUCTS_DIR; };
		001173411CFC7D3100AA7B71 /* EventBriteSearchTests.m */ = {isa = PBXFileReference; lastKnownFileType = sourcecode.c.objc; path = EventBriteSearchTests.m; sourceTree = "<group>"; };
		001173431CFC7D3100AA7B71 /* Info.plist */ = {isa = PBXFileReference; lastKnownFileType = text.plist.xml; path = Info.plist; sourceTree = "<group>"; };
		001173481CFC7D3100AA7B71 /* EventBriteSearchUITests.xctest */ = {isa = PBXFileReference; explicitFileType = wrapper.cfbundle; includeInIndex = 0; path = EventBriteSearchUITests.xctest; sourceTree = BUILT_PRODUCTS_DIR; };
		0011734C1CFC7D3100AA7B71 /* EventBriteSearchUITests.m */ = {isa = PBXFileReference; lastKnownFileType = sourcecode.c.objc; path = EventBriteSearchUITests.m; sourceTree = "<group>"; };
		0011734E1CFC7D3100AA7B71 /* Info.plist */ = {isa = PBXFileReference; lastKnownFileType = text.plist.xml; path = Info.plist; sourceTree = "<group>"; };
		009E1C461CFF17460028E817 /* Event+CoreDataProperties.h */ = {isa = PBXFileReference; fileEncoding = 4; lastKnownFileType = sourcecode.c.h; name = "Event+CoreDataProperties.h"; path = "Entities/Event+CoreDataProperties.h"; sourceTree = "<group>"; };
		009E1C471CFF17460028E817 /* Event+CoreDataProperties.m */ = {isa = PBXFileReference; fileEncoding = 4; lastKnownFileType = sourcecode.c.objc; name = "Event+CoreDataProperties.m"; path = "Entities/Event+CoreDataProperties.m"; sourceTree = "<group>"; };
		009E1C481CFF17460028E817 /* Event.h */ = {isa = PBXFileReference; fileEncoding = 4; lastKnownFileType = sourcecode.c.h; name = Event.h; path = Entities/Event.h; sourceTree = "<group>"; };
		009E1C491CFF17460028E817 /* Event.m */ = {isa = PBXFileReference; fileEncoding = 4; lastKnownFileType = sourcecode.c.objc; name = Event.m; path = Entities/Event.m; sourceTree = "<group>"; };
		009E1C4C1CFF17D10028E817 /* DataFetcher.h */ = {isa = PBXFileReference; fileEncoding = 4; lastKnownFileType = sourcecode.c.h; path = DataFetcher.h; sourceTree = "<group>"; };
		009E1C4D1CFF17D10028E817 /* DataFetcher.m */ = {isa = PBXFileReference; fileEncoding = 4; lastKnownFileType = sourcecode.c.objc; path = DataFetcher.m; sourceTree = "<group>"; };
		009E1C4F1CFF1A140028E817 /* PrefixHeader.pch */ = {isa = PBXFileReference; lastKnownFileType = sourcecode.c.h; path = PrefixHeader.pch; sourceTree = "<group>"; };
		009E1C501CFF43A90028E817 /* DataHandler.h */ = {isa = PBXFileReference; fileEncoding = 4; lastKnownFileType = sourcecode.c.h; path = DataHandler.h; sourceTree = "<group>"; };
		009E1C511CFF43A90028E817 /* DataHandler.m */ = {isa = PBXFileReference; fileEncoding = 4; lastKnownFileType = sourcecode.c.objc; path = DataHandler.m; sourceTree = "<group>"; };
		7E2CBA30A4A88744DDEF7462 /* libPods-EventBriteSearch.a */ = {isa = PBXFileReference; explicitFileType = archive.ar; includeInIndex = 0; path = "libPods-EventBriteSearch.a"; sourceTree = BUILT_PRODUCTS_DIR; };
		AE4E084B3685387B8220FBD6 /* Pods-EventBriteSearch.debug.xcconfig */ = {isa = PBXFileReference; includeInIndex = 1; lastKnownFileType = text.xcconfig; name = "Pods-EventBriteSearch.debug.xcconfig"; path = "Pods/Target Support Files/Pods-EventBriteSearch/Pods-EventBriteSearch.debug.xcconfig"; sourceTree = "<group>"; };
		B3D735A9583111B45AA2EE80 /* Pods-EventBriteSearch.release.xcconfig */ = {isa = PBXFileReference; includeInIndex = 1; lastKnownFileType = text.xcconfig; name = "Pods-EventBriteSearch.release.xcconfig"; path = "Pods/Target Support Files/Pods-EventBriteSearch/Pods-EventBriteSearch.release.xcconfig"; sourceTree = "<group>"; };
/* End PBXFileReference section */

/* Begin PBXFrameworksBuildPhase section */
		0011731E1CFC7D2F00AA7B71 /* Frameworks */ = {
			isa = PBXFrameworksBuildPhase;
			buildActionMask = 2147483647;
			files = (
				EA8EDC1A8122AF76864355BA /* libPods-EventBriteSearch.a in Frameworks */,
			);
			runOnlyForDeploymentPostprocessing = 0;
		};
		0011733A1CFC7D3100AA7B71 /* Frameworks */ = {
			isa = PBXFrameworksBuildPhase;
			buildActionMask = 2147483647;
			files = (
			);
			runOnlyForDeploymentPostprocessing = 0;
		};
		001173451CFC7D3100AA7B71 /* Frameworks */ = {
			isa = PBXFrameworksBuildPhase;
			buildActionMask = 2147483647;
			files = (
			);
			runOnlyForDeploymentPostprocessing = 0;
		};
/* End PBXFrameworksBuildPhase section */

/* Begin PBXGroup section */
		001173181CFC7D2F00AA7B71 = {
			isa = PBXGroup;
			children = (
				001173231CFC7D3100AA7B71 /* EventBriteSearch */,
				001173401CFC7D3100AA7B71 /* EventBriteSearchTests */,
				0011734B1CFC7D3100AA7B71 /* EventBriteSearchUITests */,
				001173221CFC7D3000AA7B71 /* Products */,
				A73351533FA9A75165AB6E0B /* Pods */,
				173B49E5E5BB8BBCF4472988 /* Frameworks */,
			);
			sourceTree = "<group>";
		};
		001173221CFC7D3000AA7B71 /* Products */ = {
			isa = PBXGroup;
			children = (
				001173211CFC7D3000AA7B71 /* EventBriteSearch.app */,
				0011733D1CFC7D3100AA7B71 /* EventBriteSearchTests.xctest */,
				001173481CFC7D3100AA7B71 /* EventBriteSearchUITests.xctest */,
			);
			name = Products;
			sourceTree = "<group>";
		};
		001173231CFC7D3100AA7B71 /* EventBriteSearch */ = {
			isa = PBXGroup;
			children = (
				001173271CFC7D3100AA7B71 /* AppDelegate.h */,
				001173281CFC7D3100AA7B71 /* AppDelegate.m */,
				0011732A1CFC7D3100AA7B71 /* ViewController.h */,
				0011732B1CFC7D3100AA7B71 /* ViewController.m */,
				0011732D1CFC7D3100AA7B71 /* Main.storyboard */,
				001173331CFC7D3100AA7B71 /* Assets.xcassets */,
				001173351CFC7D3100AA7B71 /* LaunchScreen.storyboard */,
				001173381CFC7D3100AA7B71 /* Info.plist */,
				001173301CFC7D3100AA7B71 /* EventBriteSearch.xcdatamodeld */,
				009E1C451CFF14AD0028E817 /* Entities */,
				001173241CFC7D3100AA7B71 /* Supporting Files */,
				009E1C4C1CFF17D10028E817 /* DataFetcher.h */,
				009E1C4D1CFF17D10028E817 /* DataFetcher.m */,
				009E1C501CFF43A90028E817 /* DataHandler.h */,
				009E1C511CFF43A90028E817 /* DataHandler.m */,
			);
			path = EventBriteSearch;
			sourceTree = "<group>";
		};
		001173241CFC7D3100AA7B71 /* Supporting Files */ = {
			isa = PBXGroup;
			children = (
				001173251CFC7D3100AA7B71 /* main.m */,
				009E1C4F1CFF1A140028E817 /* PrefixHeader.pch */,
			);
			name = "Supporting Files";
			sourceTree = "<group>";
		};
		001173401CFC7D3100AA7B71 /* EventBriteSearchTests */ = {
			isa = PBXGroup;
			children = (
				001173411CFC7D3100AA7B71 /* EventBriteSearchTests.m */,
				001173431CFC7D3100AA7B71 /* Info.plist */,
			);
			path = EventBriteSearchTests;
			sourceTree = "<group>";
		};
		0011734B1CFC7D3100AA7B71 /* EventBriteSearchUITests */ = {
			isa = PBXGroup;
			children = (
				0011734C1CFC7D3100AA7B71 /* EventBriteSearchUITests.m */,
				0011734E1CFC7D3100AA7B71 /* Info.plist */,
			);
			path = EventBriteSearchUITests;
			sourceTree = "<group>";
		};
		009E1C451CFF14AD0028E817 /* Entities */ = {
			isa = PBXGroup;
			children = (
				009E1C461CFF17460028E817 /* Event+CoreDataProperties.h */,
				009E1C471CFF17460028E817 /* Event+CoreDataProperties.m */,
				009E1C481CFF17460028E817 /* Event.h */,
				009E1C491CFF17460028E817 /* Event.m */,
			);
			name = Entities;
			sourceTree = "<group>";
		};
		173B49E5E5BB8BBCF4472988 /* Frameworks */ = {
			isa = PBXGroup;
			children = (
				7E2CBA30A4A88744DDEF7462 /* libPods-EventBriteSearch.a */,
			);
			name = Frameworks;
			sourceTree = "<group>";
		};
		A73351533FA9A75165AB6E0B /* Pods */ = {
			isa = PBXGroup;
			children = (
				AE4E084B3685387B8220FBD6 /* Pods-EventBriteSearch.debug.xcconfig */,
				B3D735A9583111B45AA2EE80 /* Pods-EventBriteSearch.release.xcconfig */,
			);
			name = Pods;
			sourceTree = "<group>";
		};
/* End PBXGroup section */

/* Begin PBXNativeTarget section */
		001173201CFC7D2F00AA7B71 /* EventBriteSearch */ = {
			isa = PBXNativeTarget;
			buildConfigurationList = 001173511CFC7D3100AA7B71 /* Build configuration list for PBXNativeTarget "EventBriteSearch" */;
			buildPhases = (
				EF93588A7D0F11A4DD3900B9 /* 📦 Check Pods Manifest.lock */,
				0011731D1CFC7D2F00AA7B71 /* Sources */,
				0011731E1CFC7D2F00AA7B71 /* Frameworks */,
				0011731F1CFC7D2F00AA7B71 /* Resources */,
				8F0876999266BB428D993CAC /* 📦 Embed Pods Frameworks */,
				D019F9E481172D12485BB0E4 /* 📦 Copy Pods Resources */,
			);
			buildRules = (
			);
			dependencies = (
			);
			name = EventBriteSearch;
			productName = EventBriteSearch;
			productReference = 001173211CFC7D3000AA7B71 /* EventBriteSearch.app */;
			productType = "com.apple.product-type.application";
		};
		0011733C1CFC7D3100AA7B71 /* EventBriteSearchTests */ = {
			isa = PBXNativeTarget;
			buildConfigurationList = 001173541CFC7D3100AA7B71 /* Build configuration list for PBXNativeTarget "EventBriteSearchTests" */;
			buildPhases = (
				001173391CFC7D3100AA7B71 /* Sources */,
				0011733A1CFC7D3100AA7B71 /* Frameworks */,
				0011733B1CFC7D3100AA7B71 /* Resources */,
			);
			buildRules = (
			);
			dependencies = (
				0011733F1CFC7D3100AA7B71 /* PBXTargetDependency */,
			);
			name = EventBriteSearchTests;
			productName = EventBriteSearchTests;
			productReference = 0011733D1CFC7D3100AA7B71 /* EventBriteSearchTests.xctest */;
			productType = "com.apple.product-type.bundle.unit-test";
		};
		001173471CFC7D3100AA7B71 /* EventBriteSearchUITests */ = {
			isa = PBXNativeTarget;
			buildConfigurationList = 001173571CFC7D3100AA7B71 /* Build configuration list for PBXNativeTarget "EventBriteSearchUITests" */;
			buildPhases = (
				001173441CFC7D3100AA7B71 /* Sources */,
				001173451CFC7D3100AA7B71 /* Frameworks */,
				001173461CFC7D3100AA7B71 /* Resources */,
			);
			buildRules = (
			);
			dependencies = (
				0011734A1CFC7D3100AA7B71 /* PBXTargetDependency */,
			);
			name = EventBriteSearchUITests;
			productName = EventBriteSearchUITests;
			productReference = 001173481CFC7D3100AA7B71 /* EventBriteSearchUITests.xctest */;
			productType = "com.apple.product-type.bundle.ui-testing";
		};
/* End PBXNativeTarget section */

/* Begin PBXProject section */
		001173191CFC7D2F00AA7B71 /* Project object */ = {
			isa = PBXProject;
			attributes = {
				LastUpgradeCheck = 0730;
				ORGANIZATIONNAME = "Robin Spinks";
				TargetAttributes = {
					001173201CFC7D2F00AA7B71 = {
						CreatedOnToolsVersion = 7.3.1;
						DevelopmentTeam = EY2F3229H7;
					};
					0011733C1CFC7D3100AA7B71 = {
						CreatedOnToolsVersion = 7.3.1;
						TestTargetID = 001173201CFC7D2F00AA7B71;
					};
					001173471CFC7D3100AA7B71 = {
						CreatedOnToolsVersion = 7.3.1;
						TestTargetID = 001173201CFC7D2F00AA7B71;
					};
				};
			};
			buildConfigurationList = 0011731C1CFC7D2F00AA7B71 /* Build configuration list for PBXProject "EventBriteSearch" */;
			compatibilityVersion = "Xcode 3.2";
			developmentRegion = English;
			hasScannedForEncodings = 0;
			knownRegions = (
				en,
				Base,
			);
			mainGroup = 001173181CFC7D2F00AA7B71;
			productRefGroup = 001173221CFC7D3000AA7B71 /* Products */;
			projectDirPath = "";
			projectRoot = "";
			targets = (
				001173201CFC7D2F00AA7B71 /* EventBriteSearch */,
				0011733C1CFC7D3100AA7B71 /* EventBriteSearchTests */,
				001173471CFC7D3100AA7B71 /* EventBriteSearchUITests */,
			);
		};
/* End PBXProject section */

/* Begin PBXResourcesBuildPhase section */
		0011731F1CFC7D2F00AA7B71 /* Resources */ = {
			isa = PBXResourcesBuildPhase;
			buildActionMask = 2147483647;
			files = (
				001173371CFC7D3100AA7B71 /* LaunchScreen.storyboard in Resources */,
				001173341CFC7D3100AA7B71 /* Assets.xcassets in Resources */,
				0011732F1CFC7D3100AA7B71 /* Main.storyboard in Resources */,
			);
			runOnlyForDeploymentPostprocessing = 0;
		};
		0011733B1CFC7D3100AA7B71 /* Resources */ = {
			isa = PBXResourcesBuildPhase;
			buildActionMask = 2147483647;
			files = (
			);
			runOnlyForDeploymentPostprocessing = 0;
		};
		001173461CFC7D3100AA7B71 /* Resources */ = {
			isa = PBXResourcesBuildPhase;
			buildActionMask = 2147483647;
			files = (
			);
			runOnlyForDeploymentPostprocessing = 0;
		};
/* End PBXResourcesBuildPhase section */

/* Begin PBXShellScriptBuildPhase section */
		8F0876999266BB428D993CAC /* 📦 Embed Pods Frameworks */ = {
			isa = PBXShellScriptBuildPhase;
			buildActionMask = 2147483647;
			files = (
			);
			inputPaths = (
			);
			name = "📦 Embed Pods Frameworks";
			outputPaths = (
			);
			runOnlyForDeploymentPostprocessing = 0;
			shellPath = /bin/sh;
			shellScript = "\"${SRCROOT}/Pods/Target Support Files/Pods-EventBriteSearch/Pods-EventBriteSearch-frameworks.sh\"\n";
			showEnvVarsInLog = 0;
		};
		D019F9E481172D12485BB0E4 /* 📦 Copy Pods Resources */ = {
			isa = PBXShellScriptBuildPhase;
			buildActionMask = 2147483647;
			files = (
			);
			inputPaths = (
			);
			name = "📦 Copy Pods Resources";
			outputPaths = (
			);
			runOnlyForDeploymentPostprocessing = 0;
			shellPath = /bin/sh;
			shellScript = "\"${SRCROOT}/Pods/Target Support Files/Pods-EventBriteSearch/Pods-EventBriteSearch-resources.sh\"\n";
			showEnvVarsInLog = 0;
		};
		EF93588A7D0F11A4DD3900B9 /* 📦 Check Pods Manifest.lock */ = {
			isa = PBXShellScriptBuildPhase;
			buildActionMask = 2147483647;
			files = (
			);
			inputPaths = (
			);
			name = "📦 Check Pods Manifest.lock";
			outputPaths = (
			);
			runOnlyForDeploymentPostprocessing = 0;
			shellPath = /bin/sh;
			shellScript = "diff \"${PODS_ROOT}/../Podfile.lock\" \"${PODS_ROOT}/Manifest.lock\" > /dev/null\nif [[ $? != 0 ]] ; then\n    cat << EOM\nerror: The sandbox is not in sync with the Podfile.lock. Run 'pod install' or update your CocoaPods installation.\nEOM\n    exit 1\nfi\n";
			showEnvVarsInLog = 0;
		};
/* End PBXShellScriptBuildPhase section */

/* Begin PBXSourcesBuildPhase section */
		0011731D1CFC7D2F00AA7B71 /* Sources */ = {
			isa = PBXSourcesBuildPhase;
			buildActionMask = 2147483647;
			files = (
				009E1C521CFF43A90028E817 /* DataHandler.m in Sources */,
				009E1C4B1CFF17460028E817 /* Event.m in Sources */,
				0011732C1CFC7D3100AA7B71 /* ViewController.m in Sources */,
				001173291CFC7D3100AA7B71 /* AppDelegate.m in Sources */,
				001173261CFC7D3100AA7B71 /* main.m in Sources */,
				009E1C4E1CFF17D10028E817 /* DataFetcher.m in Sources */,
				001173321CFC7D3100AA7B71 /* EventBriteSearch.xcdatamodeld in Sources */,
				009E1C4A1CFF17460028E817 /* Event+CoreDataProperties.m in Sources */,
			);
			runOnlyForDeploymentPostprocessing = 0;
		};
		001173391CFC7D3100AA7B71 /* Sources */ = {
			isa = PBXSourcesBuildPhase;
			buildActionMask = 2147483647;
			files = (
				001173421CFC7D3100AA7B71 /* EventBriteSearchTests.m in Sources */,
			);
			runOnlyForDeploymentPostprocessing = 0;
		};
		001173441CFC7D3100AA7B71 /* Sources */ = {
			isa = PBXSourcesBuildPhase;
			buildActionMask = 2147483647;
			files = (
				0011734D1CFC7D3100AA7B71 /* EventBriteSearchUITests.m in Sources */,
			);
			runOnlyForDeploymentPostprocessing = 0;
		};
/* End PBXSourcesBuildPhase section */

/* Begin PBXTargetDependency section */
		0011733F1CFC7D3100AA7B71 /* PBXTargetDependency */ = {
			isa = PBXTargetDependency;
			target = 001173201CFC7D2F00AA7B71 /* EventBriteSearch */;
			targetProxy = 0011733E1CFC7D3100AA7B71 /* PBXContainerItemProxy */;
		};
		0011734A1CFC7D3100AA7B71 /* PBXTargetDependency */ = {
			isa = PBXTargetDependency;
			target = 001173201CFC7D2F00AA7B71 /* EventBriteSearch */;
			targetProxy = 001173491CFC7D3100AA7B71 /* PBXContainerItemProxy */;
		};
/* End PBXTargetDependency section */

/* Begin PBXVariantGroup section */
		0011732D1CFC7D3100AA7B71 /* Main.storyboard */ = {
			isa = PBXVariantGroup;
			children = (
				0011732E1CFC7D3100AA7B71 /* Base */,
			);
			name = Main.storyboard;
			sourceTree = "<group>";
		};
		001173351CFC7D3100AA7B71 /* LaunchScreen.storyboard */ = {
			isa = PBXVariantGroup;
			children = (
				001173361CFC7D3100AA7B71 /* Base */,
			);
			name = LaunchScreen.storyboard;
			sourceTree = "<group>";
		};
/* End PBXVariantGroup section */

/* Begin XCBuildConfiguration section */
		0011734F1CFC7D3100AA7B71 /* Debug */ = {
			isa = XCBuildConfiguration;
			buildSettings = {
				ALWAYS_SEARCH_USER_PATHS = NO;
				CLANG_ANALYZER_NONNULL = YES;
				CLANG_CXX_LANGUAGE_STANDARD = "gnu++0x";
				CLANG_CXX_LIBRARY = "libc++";
				CLANG_ENABLE_MODULES = YES;
				CLANG_ENABLE_OBJC_ARC = YES;
				CLANG_WARN_BOOL_CONVERSION = YES;
				CLANG_WARN_CONSTANT_CONVERSION = YES;
				CLANG_WARN_DIRECT_OBJC_ISA_USAGE = YES_ERROR;
				CLANG_WARN_EMPTY_BODY = YES;
				CLANG_WARN_ENUM_CONVERSION = YES;
				CLANG_WARN_INT_CONVERSION = YES;
				CLANG_WARN_OBJC_ROOT_CLASS = YES_ERROR;
				CLANG_WARN_UNREACHABLE_CODE = YES;
				CLANG_WARN__DUPLICATE_METHOD_MATCH = YES;
				"CODE_SIGN_IDENTITY[sdk=iphoneos*]" = "iPhone Developer";
				COPY_PHASE_STRIP = NO;
				DEBUG_INFORMATION_FORMAT = dwarf;
				ENABLE_STRICT_OBJC_MSGSEND = YES;
				ENABLE_TESTABILITY = YES;
				GCC_C_LANGUAGE_STANDARD = gnu99;
				GCC_DYNAMIC_NO_PIC = NO;
				GCC_NO_COMMON_BLOCKS = YES;
				GCC_OPTIMIZATION_LEVEL = 0;
				GCC_PREPROCESSOR_DEFINITIONS = (
					"DEBUG=1",
					"$(inherited)",
				);
				GCC_WARN_64_TO_32_BIT_CONVERSION = YES;
				GCC_WARN_ABOUT_RETURN_TYPE = YES_ERROR;
				GCC_WARN_UNDECLARED_SELECTOR = YES;
				GCC_WARN_UNINITIALIZED_AUTOS = YES_AGGRESSIVE;
				GCC_WARN_UNUSED_FUNCTION = YES;
				GCC_WARN_UNUSED_VARIABLE = YES;
				IPHONEOS_DEPLOYMENT_TARGET = 9.3;
				MTL_ENABLE_DEBUG_INFO = YES;
				ONLY_ACTIVE_ARCH = YES;
				SDKROOT = iphoneos;
				TARGETED_DEVICE_FAMILY = "1,2";
			};
			name = Debug;
		};
		001173501CFC7D3100AA7B71 /* Release */ = {
			isa = XCBuildConfiguration;
			buildSettings = {
				ALWAYS_SEARCH_USER_PATHS = NO;
				CLANG_ANALYZER_NONNULL = YES;
				CLANG_CXX_LANGUAGE_STANDARD = "gnu++0x";
				CLANG_CXX_LIBRARY = "libc++";
				CLANG_ENABLE_MODULES = YES;
				CLANG_ENABLE_OBJC_ARC = YES;
				CLANG_WARN_BOOL_CONVERSION = YES;
				CLANG_WARN_CONSTANT_CONVERSION = YES;
				CLANG_WARN_DIRECT_OBJC_ISA_USAGE = YES_ERROR;
				CLANG_WARN_EMPTY_BODY = YES;
				CLANG_WARN_ENUM_CONVERSION = YES;
				CLANG_WARN_INT_CONVERSION = YES;
				CLANG_WARN_OBJC_ROOT_CLASS = YES_ERROR;
				CLANG_WARN_UNREACHABLE_CODE = YES;
				CLANG_WARN__DUPLICATE_METHOD_MATCH = YES;
				"CODE_SIGN_IDENTITY[sdk=iphoneos*]" = "iPhone Developer";
				COPY_PHASE_STRIP = NO;
				DEBUG_INFORMATION_FORMAT = "dwarf-with-dsym";
				ENABLE_NS_ASSERTIONS = NO;
				ENABLE_STRICT_OBJC_MSGSEND = YES;
				GCC_C_LANGUAGE_STANDARD = gnu99;
				GCC_NO_COMMON_BLOCKS = YES;
				GCC_WARN_64_TO_32_BIT_CONVERSION = YES;
				GCC_WARN_ABOUT_RETURN_TYPE = YES_ERROR;
				GCC_WARN_UNDECLARED_SELECTOR = YES;
				GCC_WARN_UNINITIALIZED_AUTOS = YES_AGGRESSIVE;
				GCC_WARN_UNUSED_FUNCTION = YES;
				GCC_WARN_UNUSED_VARIABLE = YES;
				IPHONEOS_DEPLOYMENT_TARGET = 9.3;
				MTL_ENABLE_DEBUG_INFO = NO;
				SDKROOT = iphoneos;
				TARGETED_DEVICE_FAMILY = "1,2";
				VALIDATE_PRODUCT = YES;
			};
			name = Release;
		};
		001173521CFC7D3100AA7B71 /* Debug */ = {
			isa = XCBuildConfiguration;
			baseConfigurationReference = AE4E084B3685387B8220FBD6 /* Pods-EventBriteSearch.debug.xcconfig */;
			buildSettings = {
				ASSETCATALOG_COMPILER_APPICON_NAME = AppIcon;
				CODE_SIGN_IDENTITY = "iPhone Developer";
				"CODE_SIGN_IDENTITY[sdk=iphoneos*]" = "iPhone Developer";
				GCC_PREFIX_HEADER = EventBriteSearch/PrefixHeader.pch;
				INFOPLIST_FILE = EventBriteSearch/Info.plist;
				IPHONEOS_DEPLOYMENT_TARGET = 8.0;
				LD_RUNPATH_SEARCH_PATHS = "$(inherited) @executable_path/Frameworks";
				PRODUCT_BUNDLE_IDENTIFIER = UglyBlueCat.EventBriteSearch;
				PRODUCT_NAME = "$(TARGET_NAME)";
				PROVISIONING_PROFILE = "";
			};
			name = Debug;
		};
		001173531CFC7D3100AA7B71 /* Release */ = {
			isa = XCBuildConfiguration;
			baseConfigurationReference = B3D735A9583111B45AA2EE80 /* Pods-EventBriteSearch.release.xcconfig */;
			buildSettings = {
				ASSETCATALOG_COMPILER_APPICON_NAME = AppIcon;
				CODE_SIGN_IDENTITY = "iPhone Developer";
				"CODE_SIGN_IDENTITY[sdk=iphoneos*]" = "iPhone Developer";
				GCC_PREFIX_HEADER = EventBriteSearch/PrefixHeader.pch;
				INFOPLIST_FILE = EventBriteSearch/Info.plist;
				IPHONEOS_DEPLOYMENT_TARGET = 8.0;
				LD_RUNPATH_SEARCH_PATHS = "$(inherited) @executable_path/Frameworks";
				PRODUCT_BUNDLE_IDENTIFIER = UglyBlueCat.EventBriteSearch;
				PRODUCT_NAME = "$(TARGET_NAME)";
				PROVISIONING_PROFILE = "";
			};
			name = Release;
		};
		001173551CFC7D3100AA7B71 /* Debug */ = {
			isa = XCBuildConfiguration;
			buildSettings = {
				BUNDLE_LOADER = "$(TEST_HOST)";
				INFOPLIST_FILE = EventBriteSearchTests/Info.plist;
				LD_RUNPATH_SEARCH_PATHS = "$(inherited) @executable_path/Frameworks @loader_path/Frameworks";
				PRODUCT_BUNDLE_IDENTIFIER = UglyBlueCat.EventBriteSearchTests;
				PRODUCT_NAME = "$(TARGET_NAME)";
				TEST_HOST = "$(BUILT_PRODUCTS_DIR)/EventBriteSearch.app/EventBriteSearch";
			};
			name = Debug;
		};
		001173561CFC7D3100AA7B71 /* Release */ = {
			isa = XCBuildConfiguration;
			buildSettings = {
				BUNDLE_LOADER = "$(TEST_HOST)";
				INFOPLIST_FILE = EventBriteSearchTests/Info.plist;
				LD_RUNPATH_SEARCH_PATHS = "$(inherited) @executable_path/Frameworks @loader_path/Frameworks";
				PRODUCT_BUNDLE_IDENTIFIER = UglyBlueCat.EventBriteSearchTests;
				PRODUCT_NAME = "$(TARGET_NAME)";
				TEST_HOST = "$(BUILT_PRODUCTS_DIR)/EventBriteSearch.app/EventBriteSearch";
			};
			name = Release;
		};
		001173581CFC7D3100AA7B71 /* Debug */ = {
			isa = XCBuildConfiguration;
			buildSettings = {
				INFOPLIST_FILE = EventBriteSearchUITests/Info.plist;
				LD_RUNPATH_SEARCH_PATHS = "$(inherited) @executable_path/Frameworks @loader_path/Frameworks";
				PRODUCT_BUNDLE_IDENTIFIER = UglyBlueCat.EventBriteSearchUITests;
				PRODUCT_NAME = "$(TARGET_NAME)";
				TEST_TARGET_NAME = EventBriteSearch;
			};
			name = Debug;
		};
		001173591CFC7D3100AA7B71 /* Release */ = {
			isa = XCBuildConfiguration;
			buildSettings = {
				INFOPLIST_FILE = EventBriteSearchUITests/Info.plist;
				LD_RUNPATH_SEARCH_PATHS = "$(inherited) @executable_path/Frameworks @loader_path/Frameworks";
				PRODUCT_BUNDLE_IDENTIFIER = UglyBlueCat.EventBriteSearchUITests;
				PRODUCT_NAME = "$(TARGET_NAME)";
				TEST_TARGET_NAME = EventBriteSearch;
			};
			name = Release;
		};
/* End XCBuildConfiguration section */

/* Begin XCConfigurationList section */
		0011731C1CFC7D2F00AA7B71 /* Build configuration list for PBXProject "EventBriteSearch" */ = {
			isa = XCConfigurationList;
			buildConfigurations = (
				0011734F1CFC7D3100AA7B71 /* Debug */,
				001173501CFC7D3100AA7B71 /* Release */,
			);
			defaultConfigurationIsVisible = 0;
			defaultConfigurationName = Release;
		};
		001173511CFC7D3100AA7B71 /* Build configuration list for PBXNativeTarget "EventBriteSearch" */ = {
			isa = XCConfigurationList;
			buildConfigurations = (
				001173521CFC7D3100AA7B71 /* Debug */,
				001173531CFC7D3100AA7B71 /* Release */,
			);
			defaultConfigurationIsVisible = 0;
			defaultConfigurationName = Release;
		};
		001173541CFC7D3100AA7B71 /* Build configuration list for PBXNativeTarget "EventBriteSearchTests" */ = {
			isa = XCConfigurationList;
			buildConfigurations = (
				001173551CFC7D3100AA7B71 /* Debug */,
				001173561CFC7D3100AA7B71 /* Release */,
			);
			defaultConfigurationIsVisible = 0;
			defaultConfigurationName = Release;
		};
		001173571CFC7D3100AA7B71 /* Build configuration list for PBXNativeTarget "EventBriteSearchUITests" */ = {
			isa = XCConfigurationList;
			buildConfigurations = (
				001173581CFC7D3100AA7B71 /* Debug */,
				001173591CFC7D3100AA7B71 /* Release */,
			);
			defaultConfigurationIsVisible = 0;
			defaultConfigurationName = Release;
		};
/* End XCConfigurationList section */

/* Begin XCVersionGroup section */
		001173301CFC7D3100AA7B71 /* EventBriteSearch.xcdatamodeld */ = {
			isa = XCVersionGroup;
			children = (
				001173311CFC7D3100AA7B71 /* EventBriteSearch.xcdatamodel */,
			);
			currentVersion = 001173311CFC7D3100AA7B71 /* EventBriteSearch.xcdatamodel */;
			path = EventBriteSearch.xcdatamodeld;
			sourceTree = "<group>";
			versionGroupType = wrapper.xcdatamodel;
		};
/* End XCVersionGroup section */
	};
	rootObject = 001173191CFC7D2F00AA7B71 /* Project object */;
}
